schema: '2.0'
stages:
  data_cleaning:
    cmd: python src/data/data_ingestion.py
    deps:
    - path: data/raw/swiggy.csv
      hash: md5
      md5: 0b050b37dfe6cfbfaa18d7cb4e454377
      size: 7772212
    - path: src/data/data_ingestion.py
      hash: md5
      md5: f5ad421aafd57c91a1366fef5b226570
      size: 9519
    outs:
    - path: data/cleaned/swiggy_cleaned.csv
      hash: md5
      md5: 4918716e52fc57babdcd400dfb3c3f29
      size: 4508527
  data_preparation:
    cmd: python src/data/data_preparation.py
    deps:
    - path: data/cleaned/swiggy_cleaned.csv
      hash: md5
      md5: 4918716e52fc57babdcd400dfb3c3f29
      size: 4508527
    - path: src/data/data_preparation.py
      hash: md5
      md5: 46073c9715ca04260bd1df6354f2d867
      size: 3009
    params:
      params.yaml:
        Data_Preparation.random_state: 1
        Data_Preparation.test_size: 0.25
    outs:
    - path: data/interim/test.csv
      hash: md5
      md5: 8764cb40804928ef9966e00963d8ec52
      size: 1126627
    - path: data/interim/train.csv
      hash: md5
      md5: ae6a011d5629ee7c84b364c4c39ebd81
      size: 3378942
  data_preprocessing:
    cmd: python src/features/data_preprocessing.py
    deps:
    - path: data/interim/test.csv
      hash: md5
      md5: 8764cb40804928ef9966e00963d8ec52
      size: 1126627
    - path: data/interim/train.csv
      hash: md5
      md5: ae6a011d5629ee7c84b364c4c39ebd81
      size: 3378942
    - path: src/features/data_preprocessing.py
      hash: md5
      md5: 0bc27bf370a98fa5dd2a4057f3a48f4a
      size: 6949
    outs:
    - path: data/processed/test_trans.csv
      hash: md5
      md5: 4d8f170486847c8e15e98aae21b2eed3
      size: 1361720
    - path: data/processed/train_trans.csv
      hash: md5
      md5: fa6cd128df7df2f6d0943442ab0c598b
      size: 4057013
    - path: models/preprocessor.joblib
      hash: md5
      md5: 20ea7bceb30665e09765178abe9433e7
      size: 8189
  model_training:
    cmd: python src/model/model_training.py
    deps:
    - path: data/processed/train_trans.csv
      hash: md5
      md5: fa6cd128df7df2f6d0943442ab0c598b
      size: 4057013
    - path: src/model/model_training.py
      hash: md5
      md5: b7b69ed8e77672b21bfffc93336aa161
      size: 4910
    params:
      params.yaml:
        Train.LightGBM:
          n_estimators: 154
          max_depth: 27
          learning_rate: 0.22234435854395157
          subsample: 0.7592213724048168
          min_child_weight: 20
          min_split_gain: 0.004604680609280751
          reg_lambda: 97.81002379097947
          n_jobs: -1
        Train.Random_Forest:
          n_estimators: 479
          criterion: squared_error
          max_depth: 17
          max_features: 1
          min_samples_split: 9
          min_samples_leaf: 2
          max_samples: 0.6603673526197066
          verbose: 1
          n_jobs: -1
    outs:
    - path: models/model.joblib
      hash: md5
      md5: 2cf71b52f97e8a8e8910322001ed4430
      size: 148929768
    - path: models/power_transformer.joblib
      hash: md5
      md5: 021166f980695beb37ee5d5a18c2a4f7
      size: 837
    - path: models/stacking_regressor.joblib
      hash: md5
      md5: 0bafdf77556f2394247b16cc1a7c571c
      size: 148918234
  model_evaluation:
    cmd: python src/model/model_evaluation.py
    deps:
    - path: data/processed/test_trans.csv
      hash: md5
      md5: 4d8f170486847c8e15e98aae21b2eed3
      size: 1361720
    - path: data/processed/train_trans.csv
      hash: md5
      md5: fa6cd128df7df2f6d0943442ab0c598b
      size: 4057013
    - path: models/model.joblib
      hash: md5
      md5: 2cf71b52f97e8a8e8910322001ed4430
      size: 148929768
    - path: src/model/model_evaluation.py
      hash: md5
      md5: f7c66149577f241feac38636a045e305
      size: 6045
    outs:
    - path: run_information.json
      hash: md5
      md5: 068c695f64e8a13c68770a6af520957a
      size: 220
  register_model:
    cmd: python src/model/register_model.py
    deps:
    - path: run_information.json
      hash: md5
      md5: 068c695f64e8a13c68770a6af520957a
      size: 220
    - path: src/model/register_model.py
      hash: md5
      md5: f534299c0fb1f083621ffab18ac820f3
      size: 2184
